
Microsoft Visual Studio Solution File, Format Version 12.00
# Visual Studio Version 17
VisualStudioVersion = 17.14.36109.1 d17.14
MinimumVisualStudioVersion = 10.0.40219.1
Project("{FAE04EC0-301F-11D3-BF4B-00C04F79EFBC}") = "WinFormsApp1", "WinFormsApp1\WinFormsApp1.csproj", "{D413991F-C44E-42F6-A9C1-1BF32FB862F2}"
EndProject
Global
	GlobalSection(SolutionConfigurationPlatforms) = preSolution
		Debug|Any CPU = Debug|Any CPU
		Release|Any CPU = Release|Any CPU
	EndGlobalSection
	GlobalSection(ProjectConfigurationPlatforms) = postSolution
		{D413991F-C44E-42F6-A9C1-1BF32FB862F2}.Debug|Any CPU.ActiveCfg = Debug|Any CPU
		{D413991F-C44E-42F6-A9C1-1BF32FB862F2}.Debug|Any CPU.Build.0 = Debug|Any CPU
		{D413991F-C44E-42F6-A9C1-1BF32FB862F2}.Release|Any CPU.ActiveCfg = Release|Any CPU
		{D413991F-C44E-42F6-A9C1-1BF32FB862F2}.Release|Any CPU.Build.0 = Release|Any CPU
	EndGlobalSection
	GlobalSection(SolutionProperties) = preSolution
		HideSolutionNode = FALSE
	EndGlobalSection
	GlobalSection(ExtensibilityGlobals) = postSolution
		SolutionGuid = {D819943D-86A6-443E-AD75-2C519BF4FA75}
	EndGlobalSection
EndGlobal
